
Microsoft Visual Studio Solution File, Format Version 12.00
Project("{FAE04EC0-301F-11D3-BF4B-00C04F79EFBC}") = "ObservableVariable", "ObservableVariable.csproj", "{1E6D41D6-1BC5-4487-968B-1631C6821A2A}"
EndProject
Global
	GlobalSection(SolutionConfigurationPlatforms) = preSolution
		Debug|Any CPU = Debug|Any CPU
		Release|Any CPU = Release|Any CPU
	EndGlobalSection
	GlobalSection(ProjectConfigurationPlatforms) = postSolution
		{1E6D41D6-1BC5-4487-968B-1631C6821A2A}.Debug|Any CPU.ActiveCfg = Debug|Any CPU
		{1E6D41D6-1BC5-4487-968B-1631C6821A2A}.Debug|Any CPU.Build.0 = Debug|Any CPU
		{1E6D41D6-1BC5-4487-968B-1631C6821A2A}.Release|Any CPU.ActiveCfg = Release|Any CPU
		{1E6D41D6-1BC5-4487-968B-1631C6821A2A}.Release|Any CPU.Build.0 = Release|Any CPU
	EndGlobalSection
EndGlobal
